{
  "name": "app-8-7",
  "lockfileVersion": 3,
  "requires": true,
  "packages": {
    "": {
      "devDependencies": {
        "supabase": "^2.102.0"
      }
    },
    "node_modules/@supabase/cli-darwin-arm64": {
      "version": "2.102.0",
      "resolved": "https://registry.npmjs.org/@supabase/cli-darwin-arm64/-/cli-darwin-arm64-2.102.0.tgz",
      "integrity": "sha512-DzQetP1iOnxAmbarZJLoFr3yMtyDrfOC/T2aNpYEASykFGnvCb87CbWMQhjp9zDdA0pFfDYgzM5yESg7cC/anw==",
      "cpu": [
        "arm64"
      ],
      "dev": true,
      "license": "MIT",
      "optional": true,
      "os": [
        "darwin"
      ]
    },
    "node_modules/@supabase/cli-darwin-x64": {
      "version": "2.102.0",
      "resolved": "https://registry.npmjs.org/@supabase/cli-darwin-x64/-/cli-darwin-x64-2.102.0.tgz",
      "integrity": "sha512-jJxyULNvgBuWxDrjVySwIB76IUlWOf5lYd/2Zz/Lrop8r1sr7aKJFULz7l1A1vk09ImbvnbkM9IBtH8rNdmBUg==",
      "cpu": [
        "x64"
      ],
      "dev": true,
      "license": "MIT",
      "optional": true,
      "os": [
        "darwin"
      ]
    },
    "node_modules/@supabase/cli-linux-arm64": {
      "version": "2.102.0",
      "resolved": "https://registry.npmjs.org/@supabase/cli-linux-arm64/-/cli-linux-arm64-2.102.0.tgz",
      "integrity": "sha512-vOEdz4mWoqSpygXliGysYsDobtTlZLMhC2KpDsoYio9vQuQPRgaK2kW4fIGPKfagR4Odv3PycgjoNfdsg7TYUQ==",
      "cpu": [
        "arm64"
      ],
      "dev": true,
      "libc": [
        "glibc"
      ],
      "license": "MIT",
      "optional": true,
      "os": [
        "linux"
      ]
    },
    "node_modules/@supabase/cli-linux-arm64-musl": {
      "version": "2.102.0",
      "resolved": "https://registry.npmjs.org/@supabase/cli-linux-arm64-musl/-/cli-linux-arm64-musl-2.102.0.tgz",
      "integrity": "sha512-VCEJiXK4JhDRXPR32UcIijKdsVT0zg81EoIt6ydmNDJ9vfPI+eFRIzJpeEST1XobTMAVzbJEBw/b/zq5BywR5w==",
      "cpu": [
        "arm64"
      ],
      "dev": true,
      "libc": [
        "musl"
      ],
      "license": "MIT",
      "optional": true,
      "os": [
        "linux"
      ]
    },
    "node_modules/@supabase/cli-linux-x64": {
      "version": "2.102.0",
      "resolved": "https://registry.npmjs.org/@supabase/cli-linux-x64/-/cli-linux-x64-2.102.0.tgz",
      "integrity": "sha512-Jcekp6NOWlLuj8vs/ToR11bbqGWhlijs0rmMRyQvDRocWFgeDWX5IBWZwCXZX2xxr7pICJaSdRZx6V8uW2XVEQ==",
      "cpu": [
        "x64"
      ],
      "dev": true,
      "libc": [
        "glibc"
      ],
      "license": "MIT",
      "optional": true,
      "os": [
        "linux"
      ]
    },
    "node_modules/@supabase/cli-linux-x64-musl": {
      "version": "2.102.0",
      "resolved": "https://registry.npmjs.org/@supabase/cli-linux-x64-musl/-/cli-linux-x64-musl-2.102.0.tgz",
      "integrity": "sha512-KFzdivlbk8rnMHebxFa//AlQE3uxCWF6ZNIWkYUjE+1EBVXJr/j2Mr1SxkJJyt9h/8jztBUUPJgzuRzIJW0GyA==",
      "cpu": [
        "x64"
      ],
      "dev": true,
      "libc": [
        "musl"
      ],
      "license": "MIT",
      "optional": true,
      "os": [
        "linux"
      ]
    },
    "node_modules/@supabase/cli-windows-arm64": {
      "version": "2.102.0",
      "resolved": "https://registry.npmjs.org/@supabase/cli-windows-arm64/-/cli-windows-arm64-2.102.0.tgz",
      "integrity": "sha512-yY3qbHhMtQFI2TBXbU611UI7b0TaShxGwbunMUwmTUyaCLDTSsxOjxwbpCyfvgY7eDEeYI0WnkbBKHKxknKVDQ==",
      "cpu": [
        "arm64"
      ],
      "dev": true,
      "license": "MIT",
      "optional": true,
      "os": [
        "win32"
      ]
    },
    "node_modules/@supabase/cli-windows-x64": {
      "version": "2.102.0",
      "resolved": "https://registry.npmjs.org/@supabase/cli-windows-x64/-/cli-windows-x64-2.102.0.tgz",
      "integrity": "sha512-PpIBXxGRi3bk0Zj2JeDCsr2edDt2qd5j31aaixuxHSsPJh0A052kDEDw4jSOWFHBL1UEai6rGF7zWuX/F3gNiw==",
      "cpu": [
        "x64"
      ],
      "dev": true,
      "license": "MIT",
      "optional": true,
      "os": [
        "win32"
      ]
    },
    "node_modules/supabase": {
      "version": "2.102.0",
      "resolved": "https://registry.npmjs.org/supabase/-/supabase-2.102.0.tgz",
      "integrity": "sha512-PMoWgoQOb1/mZ3Y+e/HIIvWmEfui20cWELXYURrb6s66Swvo1jnkBmRvtCtSA8lan+aHtkgVQAyekocugle2eg==",
      "dev": true,
      "license": "MIT",
      "bin": {
        "supabase": "dist/supabase.js"
      },
      "optionalDependencies": {
        "@supabase/cli-darwin-arm64": "2.102.0",
        "@supabase/cli-darwin-x64": "2.102.0",
        "@supabase/cli-linux-arm64": "2.102.0",
        "@supabase/cli-linux-arm64-musl": "2.102.0",
        "@supabase/cli-linux-x64": "2.102.0",
        "@supabase/cli-linux-x64-musl": "2.102.0",
        "@supabase/cli-windows-arm64": "2.102.0",
        "@supabase/cli-windows-x64": "2.102.0"
      }
    }
  }
}
